Microsoft Visual Studio Solution File, Format Version 12.00
# Visual Studio Version 17
VisualStudioVersion = 17.5.2.0
MinimumVisualStudioVersion = 10.0.40219.1
Project("{FAE04EC0-301F-11D3-BF4B-00C04F79EFBC}") = "MovingObjectClient", "MovingObjectClient.csproj", "{E8AD86E0-2E5E-E5BB-FD0D-6E503F07043D}"
EndProject
Global
	GlobalSection(SolutionConfigurationPlatforms) = preSolution
		Debug|Any CPU = Debug|Any CPU
		Release|Any CPU = Release|Any CPU
	EndGlobalSection
	GlobalSection(ProjectConfigurationPlatforms) = postSolution
		{E8AD86E0-2E5E-E5BB-FD0D-6E503F07043D}.Debug|Any CPU.ActiveCfg = Debug|Any CPU
		{E8AD86E0-2E5E-E5BB-FD0D-6E503F07043D}.Debug|Any CPU.Build.0 = Debug|Any CPU
		{E8AD86E0-2E5E-E5BB-FD0D-6E503F07043D}.Release|Any CPU.ActiveCfg = Release|Any CPU
		{E8AD86E0-2E5E-E5BB-FD0D-6E503F07043D}.Release|Any CPU.Build.0 = Release|Any CPU
	EndGlobalSection
	GlobalSection(SolutionProperties) = preSolution
		HideSolutionNode = FALSE
	EndGlobalSection
	GlobalSection(ExtensibilityGlobals) = postSolution
		SolutionGuid = {6EA608A5-6B1D-474A-AA0A-321CB0ADB9B8}
	EndGlobalSection
EndGlobal
