Microsoft Visual Studio Solution File, Format Version 12.00
# Visual Studio Version 17
VisualStudioVersion = 17.5.2.0
MinimumVisualStudioVersion = 10.0.40219.1
Project("{FAE04EC0-301F-11D3-BF4B-00C04F79EFBC}") = "BasicAsyncClient", "BasicAsyncClient.csproj", "{BC214146-676D-FF44-0F65-8AAE752D13FE}"
EndProject
Global
	GlobalSection(SolutionConfigurationPlatforms) = preSolution
		Debug|Any CPU = Debug|Any CPU
		Release|Any CPU = Release|Any CPU
	EndGlobalSection
	GlobalSection(ProjectConfigurationPlatforms) = postSolution
		{BC214146-676D-FF44-0F65-8AAE752D13FE}.Debug|Any CPU.ActiveCfg = Debug|Any CPU
		{BC214146-676D-FF44-0F65-8AAE752D13FE}.Debug|Any CPU.Build.0 = Debug|Any CPU
		{BC214146-676D-FF44-0F65-8AAE752D13FE}.Release|Any CPU.ActiveCfg = Release|Any CPU
		{BC214146-676D-FF44-0F65-8AAE752D13FE}.Release|Any CPU.Build.0 = Release|Any CPU
	EndGlobalSection
	GlobalSection(SolutionProperties) = preSolution
		HideSolutionNode = FALSE
	EndGlobalSection
	GlobalSection(ExtensibilityGlobals) = postSolution
		SolutionGuid = {6E56D529-F775-419D-BAE8-B8C864D17025}
	EndGlobalSection
EndGlobal
